
Microsoft Visual Studio Solution File, Format Version 12.00
# Visual Studio 2012
Project("{FAE04EC0-301F-11D3-BF4B-00C04F79EFBC}") = "SSLog", "SSLog\SSLog.csproj", "{B6B843A7-0D3A-407B-9EEA-BAD49447FADE}"
EndProject
Global
	GlobalSection(SolutionConfigurationPlatforms) = preSolution
		Debug|Any CPU = Debug|Any CPU
		Release|Any CPU = Release|Any CPU
	EndGlobalSection
	GlobalSection(ProjectConfigurationPlatforms) = postSolution
		{B6B843A7-0D3A-407B-9EEA-BAD49447FADE}.Debug|Any CPU.ActiveCfg = Debug|Any CPU
		{B6B843A7-0D3A-407B-9EEA-BAD49447FADE}.Debug|Any CPU.Build.0 = Debug|Any CPU
		{B6B843A7-0D3A-407B-9EEA-BAD49447FADE}.Release|Any CPU.ActiveCfg = Release|Any CPU
		{B6B843A7-0D3A-407B-9EEA-BAD49447FADE}.Release|Any CPU.Build.0 = Release|Any CPU
	EndGlobalSection
	GlobalSection(SolutionProperties) = preSolution
		HideSolutionNode = FALSE
	EndGlobalSection
EndGlobal
